Microsoft Visual Studio Solution File, Format Version 11.00
# Visual Studio 2008

Project("{725A45EF-5503-AE1A-6453-782C9CA2A8FA}") = "RaceGame1 copy", "Assembly-CSharp-firstpass.csproj", "{3CCDCFAD-E848-BBD1-E8E9-E7D074295C54}"
EndProject
Project("{725A45EF-5503-AE1A-6453-782C9CA2A8FA}") = "RaceGame1 copy", "Assembly-CSharp.csproj", "{D7D607EB-EA79-DB7E-0DEB-3541C0876EA5}"
EndProject
Project("{725A45EF-5503-AE1A-6453-782C9CA2A8FA}") = "RaceGame1 copy", "Assembly-CSharp-Editor.csproj", "{901FDD18-AD55-FF4A-36D6-10270CFCF125}"
EndProject
Global
	GlobalSection(SolutionConfigurationPlatforms) = preSolution
		Debug|Any CPU = Debug|Any CPU
		Release|Any CPU = Release|Any CPU
	EndGlobalSection
	GlobalSection(ProjectConfigurationPlatforms) = postSolution
		{3CCDCFAD-E848-BBD1-E8E9-E7D074295C54}.Debug|Any CPU.ActiveCfg = Debug|Any CPU
		{3CCDCFAD-E848-BBD1-E8E9-E7D074295C54}.Debug|Any CPU.Build.0 = Debug|Any CPU
		{3CCDCFAD-E848-BBD1-E8E9-E7D074295C54}.Release|Any CPU.ActiveCfg = Release|Any CPU
		{3CCDCFAD-E848-BBD1-E8E9-E7D074295C54}.Release|Any CPU.Build.0 = Release|Any CPU
		{D7D607EB-EA79-DB7E-0DEB-3541C0876EA5}.Debug|Any CPU.ActiveCfg = Debug|Any CPU
		{D7D607EB-EA79-DB7E-0DEB-3541C0876EA5}.Debug|Any CPU.Build.0 = Debug|Any CPU
		{D7D607EB-EA79-DB7E-0DEB-3541C0876EA5}.Release|Any CPU.ActiveCfg = Release|Any CPU
		{D7D607EB-EA79-DB7E-0DEB-3541C0876EA5}.Release|Any CPU.Build.0 = Release|Any CPU
		{901FDD18-AD55-FF4A-36D6-10270CFCF125}.Debug|Any CPU.ActiveCfg = Debug|Any CPU
		{901FDD18-AD55-FF4A-36D6-10270CFCF125}.Debug|Any CPU.Build.0 = Debug|Any CPU
		{901FDD18-AD55-FF4A-36D6-10270CFCF125}.Release|Any CPU.ActiveCfg = Release|Any CPU
		{901FDD18-AD55-FF4A-36D6-10270CFCF125}.Release|Any CPU.Build.0 = Release|Any CPU
	EndGlobalSection
	GlobalSection(SolutionProperties) = preSolution
		HideSolutionNode = FALSE
	EndGlobalSection
	GlobalSection(MonoDevelopProperties) = preSolution
		StartupItem = Assembly-CSharp.csproj
	EndGlobalSection
EndGlobal
